// !$*UTF8*$!
{
	archiveVersion = 1;
	classes = {
	};
	objectVersion = 50;
	objects = {

/* Begin PBXBuildFile section */
		9E5DB8F125AF8BED00D2A79B /* Constants.swift in Sources */ = {isa = PBXBuildFile; fileRef = 9E5DB8F025AF8BED00D2A79B /* Constants.swift */; };
		9E74784D25AA2A6300DF21CF /* BullseyeApp.swift in Sources */ = {isa = PBXBuildFile; fileRef = 9E74784C25AA2A6300DF21CF /* BullseyeApp.swift */; };
		9E74784F25AA2A6300DF21CF /* ContentView.swift in Sources */ = {isa = PBXBuildFile; fileRef = 9E74784E25AA2A6300DF21CF /* ContentView.swift */; };
		9E74785125AA2A6600DF21CF /* Assets.xcassets in Resources */ = {isa = PBXBuildFile; fileRef = 9E74785025AA2A6600DF21CF /* Assets.xcassets */; };
		9E74785425AA2A6600DF21CF /* Preview Assets.xcassets in Resources */ = {isa = PBXBuildFile; fileRef = 9E74785325AA2A6600DF21CF /* Preview Assets.xcassets */; };
		9E74786325AB7B0800DF21CF /* Game.swift in Sources */ = {isa = PBXBuildFile; fileRef = 9E74786225AB7B0800DF21CF /* Game.swift */; };
		9E74786C25ABACBD00DF21CF /* BullseyeTests.swift in Sources */ = {isa = PBXBuildFile; fileRef = 9E74786B25ABACBD00DF21CF /* BullseyeTests.swift */; };
		9E74787625ACB9F300DF21CF /* TextViews.swift in Sources */ = {isa = PBXBuildFile; fileRef = 9E74787525ACB9F300DF21CF /* TextViews.swift */; };
		9E74787A25ACD90600DF21CF /* Shapes.swift in Sources */ = {isa = PBXBuildFile; fileRef = 9E74787925ACD90600DF21CF /* Shapes.swift */; };
		9E74787E25ACDC5E00DF21CF /* RoundViews.swift in Sources */ = {isa = PBXBuildFile; fileRef = 9E74787D25ACDC5E00DF21CF /* RoundViews.swift */; };
		9E74788325ACE18F00DF21CF /* BackgroundView.swift in Sources */ = {isa = PBXBuildFile; fileRef = 9E74788225ACE18F00DF21CF /* BackgroundView.swift */; };
		9E74788725AE571400DF21CF /* PointsView.swift in Sources */ = {isa = PBXBuildFile; fileRef = 9E74788625AE571400DF21CF /* PointsView.swift */; };
/* End PBXBuildFile section */

/* Begin PBXContainerItemProxy section */
		9E74786E25ABACBD00DF21CF /* PBXContainerItemProxy */ = {
			isa = PBXContainerItemProxy;
			containerPortal = 9E74784125AA2A6300DF21CF /* Project object */;
			proxyType = 1;
			remoteGlobalIDString = 9E74784825AA2A6300DF21CF;
			remoteInfo = Bullseye;
		};
/* End PBXContainerItemProxy section */

/* Begin PBXFileReference section */
		9E5DB8F025AF8BED00D2A79B /* Constants.swift */ = {isa = PBXFileReference; lastKnownFileType = sourcecode.swift; path = Constants.swift; sourceTree = "<group>"; };
		9E74784925AA2A6300DF21CF /* Bullseye.app */ = {isa = PBXFileReference; explicitFileType = wrapper.application; includeInIndex = 0; path = Bullseye.app; sourceTree = BUILT_PRODUCTS_DIR; };
		9E74784C25AA2A6300DF21CF /* BullseyeApp.swift */ = {isa = PBXFileReference; lastKnownFileType = sourcecode.swift; path = BullseyeApp.swift; sourceTree = "<group>"; };
		9E74784E25AA2A6300DF21CF /* ContentView.swift */ = {isa = PBXFileReference; lastKnownFileType = sourcecode.swift; path = ContentView.swift; sourceTree = "<group>"; };
		9E74785025AA2A6600DF21CF /* Assets.xcassets */ = {isa = PBXFileReference; lastKnownFileType = folder.assetcatalog; path = Assets.xcassets; sourceTree = "<group>"; };
		9E74785325AA2A6600DF21CF /* Preview Assets.xcassets */ = {isa = PBXFileReference; lastKnownFileType = folder.assetcatalog; path = "Preview Assets.xcassets"; sourceTree = "<group>"; };
		9E74785525AA2A6600DF21CF /* Info.plist */ = {isa = PBXFileReference; lastKnownFileType = text.plist.xml; path = Info.plist; sourceTree = "<group>"; };
		9E74786225AB7B0800DF21CF /* Game.swift */ = {isa = PBXFileReference; lastKnownFileType = sourcecode.swift; path = Game.swift; sourceTree = "<group>"; };
		9E74786925ABACBD00DF21CF /* BullseyeTests.xctest */ = {isa = PBXFileReference; explicitFileType = wrapper.cfbundle; includeInIndex = 0; path = BullseyeTests.xctest; sourceTree = BUILT_PRODUCTS_DIR; };
		9E74786B25ABACBD00DF21CF /* BullseyeTests.swift */ = {isa = PBXFileReference; lastKnownFileType = sourcecode.swift; path = BullseyeTests.swift; sourceTree = "<group>"; };
		9E74786D25ABACBD00DF21CF /* Info.plist */ = {isa = PBXFileReference; lastKnownFileType = text.plist.xml; path = Info.plist; sourceTree = "<group>"; };
		9E74787525ACB9F300DF21CF /* TextViews.swift */ = {isa = PBXFileReference; lastKnownFileType = sourcecode.swift; path = TextViews.swift; sourceTree = "<group>"; };
		9E74787925ACD90600DF21CF /* Shapes.swift */ = {isa = PBXFileReference; lastKnownFileType = sourcecode.swift; path = Shapes.swift; sourceTree = "<group>"; };
		9E74787D25ACDC5E00DF21CF /* RoundViews.swift */ = {isa = PBXFileReference; lastKnownFileType = sourcecode.swift; path = RoundViews.swift; sourceTree = "<group>"; };
		9E74788225ACE18F00DF21CF /* BackgroundView.swift */ = {isa = PBXFileReference; lastKnownFileType = sourcecode.swift; path = BackgroundView.swift; sourceTree = "<group>"; };
		9E74788625AE571400DF21CF /* PointsView.swift */ = {isa = PBXFileReference; lastKnownFileType = sourcecode.swift; path = PointsView.swift; sourceTree = "<group>"; };
/* End PBXFileReference section */

/* Begin PBXFrameworksBuildPhase section */
		9E74784625AA2A6300DF21CF /* Frameworks */ = {
			isa = PBXFrameworksBuildPhase;
			buildActionMask = 2147483647;
			files = (
			);
			runOnlyForDeploymentPostprocessing = 0;
		};
		9E74786625ABACBD00DF21CF /* Frameworks */ = {
			isa = PBXFrameworksBuildPhase;
			buildActionMask = 2147483647;
			files = (
			);
			runOnlyForDeploymentPostprocessing = 0;
		};
/* End PBXFrameworksBuildPhase section */

/* Begin PBXGroup section */
		9E74784025AA2A6300DF21CF = {
			isa = PBXGroup;
			children = (
				9E74784B25AA2A6300DF21CF /* Bullseye */,
				9E74786A25ABACBD00DF21CF /* BullseyeTests */,
				9E74784A25AA2A6300DF21CF /* Products */,
			);
			sourceTree = "<group>";
		};
		9E74784A25AA2A6300DF21CF /* Products */ = {
			isa = PBXGroup;
			children = (
				9E74784925AA2A6300DF21CF /* Bullseye.app */,
				9E74786925ABACBD00DF21CF /* BullseyeTests.xctest */,
			);
			name = Products;
			sourceTree = "<group>";
		};
		9E74784B25AA2A6300DF21CF /* Bullseye */ = {
			isa = PBXGroup;
			children = (
				9E74785F25AB7AA500DF21CF /* App */,
				9E74785D25AB7A9600DF21CF /* Views */,
				9E74785C25AB7A8D00DF21CF /* Models */,
				9E74785225AA2A6600DF21CF /* Preview Content */,
			);
			path = Bullseye;
			sourceTree = "<group>";
		};
		9E74785225AA2A6600DF21CF /* Preview Content */ = {
			isa = PBXGroup;
			children = (
				9E74785325AA2A6600DF21CF /* Preview Assets.xcassets */,
			);
			path = "Preview Content";
			sourceTree = "<group>";
		};
		9E74785C25AB7A8D00DF21CF /* Models */ = {
			isa = PBXGroup;
			children = (
				9E74786225AB7B0800DF21CF /* Game.swift */,
				9E5DB8F025AF8BED00D2A79B /* Constants.swift */,
			);
			path = Models;
			sourceTree = "<group>";
		};
		9E74785D25AB7A9600DF21CF /* Views */ = {
			isa = PBXGroup;
			children = (
				9E74784E25AA2A6300DF21CF /* ContentView.swift */,
				9E74787525ACB9F300DF21CF /* TextViews.swift */,
				9E74787925ACD90600DF21CF /* Shapes.swift */,
				9E74787D25ACDC5E00DF21CF /* RoundViews.swift */,
				9E74788225ACE18F00DF21CF /* BackgroundView.swift */,
				9E74788625AE571400DF21CF /* PointsView.swift */,
			);
			path = Views;
			sourceTree = "<group>";
		};
		9E74785F25AB7AA500DF21CF /* App */ = {
			isa = PBXGroup;
			children = (
				9E74784C25AA2A6300DF21CF /* BullseyeApp.swift */,
				9E74785025AA2A6600DF21CF /* Assets.xcassets */,
				9E74785525AA2A6600DF21CF /* Info.plist */,
			);
			path = App;
			sourceTree = "<group>";
		};
		9E74786A25ABACBD00DF21CF /* BullseyeTests */ = {
			isa = PBXGroup;
			children = (
				9E74786B25ABACBD00DF21CF /* BullseyeTests.swift */,
				9E74786D25ABACBD00DF21CF /* Info.plist */,
			);
			path = BullseyeTests;
			sourceTree = "<group>";
		};
/* End PBXGroup section */

/* Begin PBXNativeTarget section */
		9E74784825AA2A6300DF21CF /* Bullseye */ = {
			isa = PBXNativeTarget;
			buildConfigurationList = 9E74785825AA2A6600DF21CF /* Build configuration list for PBXNativeTarget "Bullseye" */;
			buildPhases = (
				9E74784525AA2A6300DF21CF /* Sources */,
				9E74784625AA2A6300DF21CF /* Frameworks */,
				9E74784725AA2A6300DF21CF /* Resources */,
			);
			buildRules = (
			);
			dependencies = (
			);
			name = Bullseye;
			productName = Bullseye;
			productReference = 9E74784925AA2A6300DF21CF /* Bullseye.app */;
			productType = "com.apple.product-type.application";
		};
		9E74786825ABACBD00DF21CF /* BullseyeTests */ = {
			isa = PBXNativeTarget;
			buildConfigurationList = 9E74787025ABACBD00DF21CF /* Build configuration list for PBXNativeTarget "BullseyeTests" */;
			buildPhases = (
				9E74786525ABACBD00DF21CF /* Sources */,
				9E74786625ABACBD00DF21CF /* Frameworks */,
				9E74786725ABACBD00DF21CF /* Resources */,
			);
			buildRules = (
			);
			dependencies = (
				9E74786F25ABACBD00DF21CF /* PBXTargetDependency */,
			);
			name = BullseyeTests;
			productName = BullseyeTests;
			productReference = 9E74786925ABACBD00DF21CF /* BullseyeTests.xctest */;
			productType = "com.apple.product-type.bundle.unit-test";
		};
/* End PBXNativeTarget section */

/* Begin PBXProject section */
		9E74784125AA2A6300DF21CF /* Project object */ = {
			isa = PBXProject;
			attributes = {
				LastSwiftUpdateCheck = 1230;
				LastUpgradeCheck = 1230;
				TargetAttributes = {
					9E74784825AA2A6300DF21CF = {
						CreatedOnToolsVersion = 12.3;
					};
					9E74786825ABACBD00DF21CF = {
						CreatedOnToolsVersion = 12.3;
						TestTargetID = 9E74784825AA2A6300DF21CF;
					};
				};
			};
			buildConfigurationList = 9E74784425AA2A6300DF21CF /* Build configuration list for PBXProject "Bullseye" */;
			compatibilityVersion = "Xcode 9.3";
			developmentRegion = en;
			hasScannedForEncodings = 0;
			knownRegions = (
				en,
				Base,
			);
			mainGroup = 9E74784025AA2A6300DF21CF;
			productRefGroup = 9E74784A25AA2A6300DF21CF /* Products */;
			projectDirPath = "";
			projectRoot = "";
			targets = (
				9E74784825AA2A6300DF21CF /* Bullseye */,
				9E74786825ABACBD00DF21CF /* BullseyeTests */,
			);
		};
/* End PBXProject section */

/* Begin PBXResourcesBuildPhase section */
		9E74784725AA2A6300DF21CF /* Resources */ = {
			isa = PBXResourcesBuildPhase;
			buildActionMask = 2147483647;
			files = (
				9E74785425AA2A6600DF21CF /* Preview Assets.xcassets in Resources */,
				9E74785125AA2A6600DF21CF /* Assets.xcassets in Resources */,
			);
			runOnlyForDeploymentPostprocessing = 0;
		};
		9E74786725ABACBD00DF21CF /* Resources */ = {
			isa = PBXResourcesBuildPhase;
			buildActionMask = 2147483647;
			files = (
			);
			runOnlyForDeploymentPostprocessing = 0;
		};
/* End PBXResourcesBuildPhase section */

/* Begin PBXSourcesBuildPhase section */
		9E74784525AA2A6300DF21CF /* Sources */ = {
			isa = PBXSourcesBuildPhase;
			buildActionMask = 2147483647;
			files = (
				9E74784F25AA2A6300DF21CF /* ContentView.swift in Sources */,
				9E74787625ACB9F300DF21CF /* TextViews.swift in Sources */,
				9E74787A25ACD90600DF21CF /* Shapes.swift in Sources */,
				9E74788725AE571400DF21CF /* PointsView.swift in Sources */,
				9E74788325ACE18F00DF21CF /* BackgroundView.swift in Sources */,
				9E74786325AB7B0800DF21CF /* Game.swift in Sources */,
				9E5DB8F125AF8BED00D2A79B /* Constants.swift in Sources */,
				9E74784D25AA2A6300DF21CF /* BullseyeApp.swift in Sources */,
				9E74787E25ACDC5E00DF21CF /* RoundViews.swift in Sources */,
			);
			runOnlyForDeploymentPostprocessing = 0;
		};
		9E74786525ABACBD00DF21CF /* Sources */ = {
			isa = PBXSourcesBuildPhase;
			buildActionMask = 2147483647;
			files = (
				9E74786C25ABACBD00DF21CF /* BullseyeTests.swift in Sources */,
			);
			runOnlyForDeploymentPostprocessing = 0;
		};
/* End PBXSourcesBuildPhase section */

/* Begin PBXTargetDependency section */
		9E74786F25ABACBD00DF21CF /* PBXTargetDependency */ = {
			isa = PBXTargetDependency;
			target = 9E74784825AA2A6300DF21CF /* Bullseye */;
			targetProxy = 9E74786E25ABACBD00DF21CF /* PBXContainerItemProxy */;
		};
/* End PBXTargetDependency section */

/* Begin XCBuildConfiguration section */
		9E74785625AA2A6600DF21CF /* Debug */ = {
			isa = XCBuildConfiguration;
			buildSettings = {
				ALWAYS_SEARCH_USER_PATHS = NO;
				CLANG_ANALYZER_NONNULL = YES;
				CLANG_ANALYZER_NUMBER_OBJECT_CONVERSION = YES_AGGRESSIVE;
				CLANG_CXX_LANGUAGE_STANDARD = "gnu++14";
				CLANG_CXX_LIBRARY = "libc++";
				CLANG_ENABLE_MODULES = YES;
				CLANG_ENABLE_OBJC_ARC = YES;
				CLANG_ENABLE_OBJC_WEAK = YES;
				CLANG_WARN_BLOCK_CAPTURE_AUTORELEASING = YES;
				CLANG_WARN_BOOL_CONVERSION = YES;
				CLANG_WARN_COMMA = YES;
				CLANG_WARN_CONSTANT_CONVERSION = YES;
				CLANG_WARN_DEPRECATED_OBJC_IMPLEMENTATIONS = YES;
				CLANG_WARN_DIRECT_OBJC_ISA_USAGE = YES_ERROR;
				CLANG_WARN_DOCUMENTATION_COMMENTS = YES;
				CLANG_WARN_EMPTY_BODY = YES;
				CLANG_WARN_ENUM_CONVERSION = YES;
				CLANG_WARN_INFINITE_RECURSION = YES;
				CLANG_WARN_INT_CONVERSION = YES;
				CLANG_WARN_NON_LITERAL_NULL_CONVERSION = YES;
				CLANG_WARN_OBJC_IMPLICIT_RETAIN_SELF = YES;
				CLANG_WARN_OBJC_LITERAL_CONVERSION = YES;
				CLANG_WARN_OBJC_ROOT_CLASS = YES_ERROR;
				CLANG_WARN_QUOTED_INCLUDE_IN_FRAMEWORK_HEADER = YES;
				CLANG_WARN_RANGE_LOOP_ANALYSIS = YES;
				CLANG_WARN_STRICT_PROTOTYPES = YES;
				CLANG_WARN_SUSPICIOUS_MOVE = YES;
				CLANG_WARN_UNGUARDED_AVAILABILITY = YES_AGGRESSIVE;
				CLANG_WARN_UNREACHABLE_CODE = YES;
				CLANG_WARN__DUPLICATE_METHOD_MATCH = YES;
				COPY_PHASE_STRIP = NO;
				DEBUG_INFORMATION_FORMAT = dwarf;
				ENABLE_STRICT_OBJC_MSGSEND = YES;
				ENABLE_TESTABILITY = YES;
				GCC_C_LANGUAGE_STANDARD = gnu11;
				GCC_DYNAMIC_NO_PIC = NO;
				GCC_NO_COMMON_BLOCKS = YES;
				GCC_OPTIMIZATION_LEVEL = 0;
				GCC_PREPROCESSOR_DEFINITIONS = (
					"DEBUG=1",
					"$(inherited)",
				);
				GCC_WARN_64_TO_32_BIT_CONVERSION = YES;
				GCC_WARN_ABOUT_RETURN_TYPE = YES_ERROR;
				GCC_WARN_UNDECLARED_SELECTOR = YES;
				GCC_WARN_UNINITIALIZED_AUTOS = YES_AGGRESSIVE;
				GCC_WARN_UNUSED_FUNCTION = YES;
				GCC_WARN_UNUSED_VARIABLE = YES;
				IPHONEOS_DEPLOYMENT_TARGET = 14.3;
				MTL_ENABLE_DEBUG_INFO = INCLUDE_SOURCE;
				MTL_FAST_MATH = YES;
				ONLY_ACTIVE_ARCH = YES;
				SDKROOT = iphoneos;
				SWIFT_ACTIVE_COMPILATION_CONDITIONS = DEBUG;
				SWIFT_OPTIMIZATION_LEVEL = "-Onone";
			};
			name = Debug;
		};
		9E74785725AA2A6600DF21CF /* Release */ = {
			isa = XCBuildConfiguration;
			buildSettings = {
				ALWAYS_SEARCH_USER_PATHS = NO;
				CLANG_ANALYZER_NONNULL = YES;
				CLANG_ANALYZER_NUMBER_OBJECT_CONVERSION = YES_AGGRESSIVE;
				CLANG_CXX_LANGUAGE_STANDARD = "gnu++14";
				CLANG_CXX_LIBRARY = "libc++";
				CLANG_ENABLE_MODULES = YES;
				CLANG_ENABLE_OBJC_ARC = YES;
				CLANG_ENABLE_OBJC_WEAK = YES;
				CLANG_WARN_BLOCK_CAPTURE_AUTORELEASING = YES;
				CLANG_WARN_BOOL_CONVERSION = YES;
				CLANG_WARN_COMMA = YES;
				CLANG_WARN_CONSTANT_CONVERSION = YES;
				CLANG_WARN_DEPRECATED_OBJC_IMPLEMENTATIONS = YES;
				CLANG_WARN_DIRECT_OBJC_ISA_USAGE = YES_ERROR;
				CLANG_WARN_DOCUMENTATION_COMMENTS = YES;
				CLANG_WARN_EMPTY_BODY = YES;
				CLANG_WARN_ENUM_CONVERSION = YES;
				CLANG_WARN_INFINITE_RECURSION = YES;
				CLANG_WARN_INT_CONVERSION = YES;
				CLANG_WARN_NON_LITERAL_NULL_CONVERSION = YES;
				CLANG_WARN_OBJC_IMPLICIT_RETAIN_SELF = YES;
				CLANG_WARN_OBJC_LITERAL_CONVERSION = YES;
				CLANG_WARN_OBJC_ROOT_CLASS = YES_ERROR;
				CLANG_WARN_QUOTED_INCLUDE_IN_FRAMEWORK_HEADER = YES;
				CLANG_WARN_RANGE_LOOP_ANALYSIS = YES;
				CLANG_WARN_STRICT_PROTOTYPES = YES;
				CLANG_WARN_SUSPICIOUS_MOVE = YES;
				CLANG_WARN_UNGUARDED_AVAILABILITY = YES_AGGRESSIVE;
				CLANG_WARN_UNREACHABLE_CODE = YES;
				CLANG_WARN__DUPLICATE_METHOD_MATCH = YES;
				COPY_PHASE_STRIP = NO;
				DEBUG_INFORMATION_FORMAT = "dwarf-with-dsym";
				ENABLE_NS_ASSERTIONS = NO;
				ENABLE_STRICT_OBJC_MSGSEND = YES;
				GCC_C_LANGUAGE_STANDARD = gnu11;
				GCC_NO_COMMON_BLOCKS = YES;
				GCC_WARN_64_TO_32_BIT_CONVERSION = YES;
				GCC_WARN_ABOUT_RETURN_TYPE = YES_ERROR;
				GCC_WARN_UNDECLARED_SELECTOR = YES;
				GCC_WARN_UNINITIALIZED_AUTOS = YES_AGGRESSIVE;
				GCC_WARN_UNUSED_FUNCTION = YES;
				GCC_WARN_UNUSED_VARIABLE = YES;
				IPHONEOS_DEPLOYMENT_TARGET = 14.3;
				MTL_ENABLE_DEBUG_INFO = NO;
				MTL_FAST_MATH = YES;
				SDKROOT = iphoneos;
				SWIFT_COMPILATION_MODE = wholemodule;
				SWIFT_OPTIMIZATION_LEVEL = "-O";
				VALIDATE_PRODUCT = YES;
			};
			name = Release;
		};
		9E74785925AA2A6600DF21CF /* Debug */ = {
			isa = XCBuildConfiguration;
			buildSettings = {
				ASSETCATALOG_COMPILER_APPICON_NAME = AppIcon;
				ASSETCATALOG_COMPILER_GLOBAL_ACCENT_COLOR_NAME = AccentColor;
				CODE_SIGN_STYLE = Automatic;
				DEVELOPMENT_ASSET_PATHS = "\"Bullseye/Preview Content\"";
				DEVELOPMENT_TEAM = KQ7MMUNWNZ;
				ENABLE_PREVIEWS = YES;
				INFOPLIST_FILE = Bullseye/App/Info.plist;
				IPHONEOS_DEPLOYMENT_TARGET = 14.0;
				LD_RUNPATH_SEARCH_PATHS = (
					"$(inherited)",
					"@executable_path/Frameworks",
				);
				PRODUCT_BUNDLE_IDENTIFIER = com.sjacobsen.Bullseye;
				PRODUCT_NAME = "$(TARGET_NAME)";
				SWIFT_VERSION = 5.0;
				TARGETED_DEVICE_FAMILY = "1,2";
			};
			name = Debug;
		};
		9E74785A25AA2A6600DF21CF /* Release */ = {
			isa = XCBuildConfiguration;
			buildSettings = {
				ASSETCATALOG_COMPILER_APPICON_NAME = AppIcon;
				ASSETCATALOG_COMPILER_GLOBAL_ACCENT_COLOR_NAME = AccentColor;
				CODE_SIGN_STYLE = Automatic;
				DEVELOPMENT_ASSET_PATHS = "\"Bullseye/Preview Content\"";
				DEVELOPMENT_TEAM = KQ7MMUNWNZ;
				ENABLE_PREVIEWS = YES;
				INFOPLIST_FILE = Bullseye/App/Info.plist;
				IPHONEOS_DEPLOYMENT_TARGET = 14.0;
				LD_RUNPATH_SEARCH_PATHS = (
					"$(inherited)",
					"@executable_path/Frameworks",
				);
				PRODUCT_BUNDLE_IDENTIFIER = com.sjacobsen.Bullseye;
				PRODUCT_NAME = "$(TARGET_NAME)";
				SWIFT_VERSION = 5.0;
				TARGETED_DEVICE_FAMILY = "1,2";
			};
			name = Release;
		};
		9E74787125ABACBD00DF21CF /* Debug */ = {
			isa = XCBuildConfiguration;
			buildSettings = {
				BUNDLE_LOADER = "$(TEST_HOST)";
				CODE_SIGN_STYLE = Automatic;
				DEVELOPMENT_TEAM = KQ7MMUNWNZ;
				INFOPLIST_FILE = BullseyeTests/Info.plist;
				LD_RUNPATH_SEARCH_PATHS = (
					"$(inherited)",
					"@executable_path/Frameworks",
					"@loader_path/Frameworks",
				);
				PRODUCT_BUNDLE_IDENTIFIER = com.sjacobsen.BullseyeTests;
				PRODUCT_NAME = "$(TARGET_NAME)";
				SWIFT_VERSION = 5.0;
				TARGETED_DEVICE_FAMILY = "1,2";
				TEST_HOST = "$(BUILT_PRODUCTS_DIR)/Bullseye.app/Bullseye";
			};
			name = Debug;
		};
		9E74787225ABACBD00DF21CF /* Release */ = {
			isa = XCBuildConfiguration;
			buildSettings = {
				BUNDLE_LOADER = "$(TEST_HOST)";
				CODE_SIGN_STYLE = Automatic;
				DEVELOPMENT_TEAM = KQ7MMUNWNZ;
				INFOPLIST_FILE = BullseyeTests/Info.plist;
				LD_RUNPATH_SEARCH_PATHS = (
					"$(inherited)",
					"@executable_path/Frameworks",
					"@loader_path/Frameworks",
				);
				PRODUCT_BUNDLE_IDENTIFIER = com.sjacobsen.BullseyeTests;
				PRODUCT_NAME = "$(TARGET_NAME)";
				SWIFT_VERSION = 5.0;
				TARGETED_DEVICE_FAMILY = "1,2";
				TEST_HOST = "$(BUILT_PRODUCTS_DIR)/Bullseye.app/Bullseye";
			};
			name = Release;
		};
/* End XCBuildConfiguration section */

/* Begin XCConfigurationList section */
		9E74784425AA2A6300DF21CF /* Build configuration list for PBXProject "Bullseye" */ = {
			isa = XCConfigurationList;
			buildConfigurations = (
				9E74785625AA2A6600DF21CF /* Debug */,
				9E74785725AA2A6600DF21CF /* Release */,
			);
			defaultConfigurationIsVisible = 0;
			defaultConfigurationName = Release;
		};
		9E74785825AA2A6600DF21CF /* Build configuration list for PBXNativeTarget "Bullseye" */ = {
			isa = XCConfigurationList;
			buildConfigurations = (
				9E74785925AA2A6600DF21CF /* Debug */,
				9E74785A25AA2A6600DF21CF /* Release */,
			);
			defaultConfigurationIsVisible = 0;
			defaultConfigurationName = Release;
		};
		9E74787025ABACBD00DF21CF /* Build configuration list for PBXNativeTarget "BullseyeTests" */ = {
			isa = XCConfigurationList;
			buildConfigurations = (
				9E74787125ABACBD00DF21CF /* Debug */,
				9E74787225ABACBD00DF21CF /* Release */,
			);
			defaultConfigurationIsVisible = 0;
			defaultConfigurationName = Release;
		};
/* End XCConfigurationList section */
	};
	rootObject = 9E74784125AA2A6300DF21CF /* Project object */;
}
